
Microsoft Visual Studio Solution File, Format Version 12.00
# Visual Studio Version 17
VisualStudioVersion = 17.7.34024.191
MinimumVisualStudioVersion = 10.0.40219.1
Project("{FAE04EC0-301F-11D3-BF4B-00C04F79EFBC}") = "Console Ripasso pre rientro", "Console Ripasso pre rientro\Console Ripasso pre rientro.csproj", "{335A0F10-6989-4935-8F4C-F3F41A762F82}"
EndProject
Global
	GlobalSection(SolutionConfigurationPlatforms) = preSolution
		Debug|Any CPU = Debug|Any CPU
		Release|Any CPU = Release|Any CPU
	EndGlobalSection
	GlobalSection(ProjectConfigurationPlatforms) = postSolution
		{335A0F10-6989-4935-8F4C-F3F41A762F82}.Debug|Any CPU.ActiveCfg = Debug|Any CPU
		{335A0F10-6989-4935-8F4C-F3F41A762F82}.Debug|Any CPU.Build.0 = Debug|Any CPU
		{335A0F10-6989-4935-8F4C-F3F41A762F82}.Release|Any CPU.ActiveCfg = Release|Any CPU
		{335A0F10-6989-4935-8F4C-F3F41A762F82}.Release|Any CPU.Build.0 = Release|Any CPU
	EndGlobalSection
	GlobalSection(SolutionProperties) = preSolution
		HideSolutionNode = FALSE
	EndGlobalSection
	GlobalSection(ExtensibilityGlobals) = postSolution
		SolutionGuid = {5CA8DD50-3370-4B74-83D2-205A772BAD2B}
	EndGlobalSection
EndGlobal
